
Microsoft Visual Studio Solution File, Format Version 12.00
# Visual Studio Version 17
VisualStudioVersion = 17.5.33502.453
MinimumVisualStudioVersion = 10.0.40219.1
Project("{FAE04EC0-301F-11D3-BF4B-00C04F79EFBC}") = "Task_4", "Task_4\Task_4.csproj", "{68201EBC-D1F0-4F37-8D18-C1D31621FFF8}"
EndProject
Global
	GlobalSection(SolutionConfigurationPlatforms) = preSolution
		Debug|Any CPU = Debug|Any CPU
		Release|Any CPU = Release|Any CPU
	EndGlobalSection
	GlobalSection(ProjectConfigurationPlatforms) = postSolution
		{68201EBC-D1F0-4F37-8D18-C1D31621FFF8}.Debug|Any CPU.ActiveCfg = Debug|Any CPU
		{68201EBC-D1F0-4F37-8D18-C1D31621FFF8}.Debug|Any CPU.Build.0 = Debug|Any CPU
		{68201EBC-D1F0-4F37-8D18-C1D31621FFF8}.Release|Any CPU.ActiveCfg = Release|Any CPU
		{68201EBC-D1F0-4F37-8D18-C1D31621FFF8}.Release|Any CPU.Build.0 = Release|Any CPU
	EndGlobalSection
	GlobalSection(SolutionProperties) = preSolution
		HideSolutionNode = FALSE
	EndGlobalSection
	GlobalSection(ExtensibilityGlobals) = postSolution
		SolutionGuid = {BC92A8B7-9810-4242-96CE-41CE10751BED}
	EndGlobalSection
EndGlobal
